hash: 785eea8f33fd7d364d6aa4542b5f156cff5869cd2b108b90a142b9cfb1c78bce
updated: 2018-04-06T18:49:06.098893572-07:00
imports:
- name: cloud.google.com/go
  version: 3b1ae45394a234c385be014e9a488f2bb6eef821
  subpackages:
  - compute/metadata
  - internal
- name: github.com/beorn7/perks
  version: 3ac7bf7a47d159a033b107610db8a1b6575507a4
  subpackages:
  - quantile
- name: github.com/davecgh/go-spew
  version: 782f4967f2dc4564575ca782fe2d04090b5faca8
  subpackages:
  - spew
- name: github.com/docker/distribution
  version: edc3ab29cdff8694dd6feb85cfeb4b5f1b38ed9c
  subpackages:
  - digestset
  - reference
- name: github.com/ghodss/yaml
  version: 73d445a93680fa1a78ae23a5839bad48f32ba1ee
- name: github.com/gogo/protobuf
  version: c0656edd0d9eab7c66d1eb0c568f9039345796f7
  subpackages:
  - proto
  - sortkeys
- name: github.com/golang/glog
  version: 44145f04b68cf362d9c4df2182967c2275eaefed
- name: github.com/golang/groupcache
  version: 02826c3e79038b59d737d3b1c0a1d937f71a4433
  subpackages:
  - lru
- name: github.com/golang/protobuf
  version: 1643683e1b54a9e88ad26d98f81400c8c9d9f4f9
  subpackages:
  - proto
  - ptypes
  - ptypes/any
  - ptypes/duration
  - ptypes/timestamp
- name: github.com/google/gofuzz
  version: 44d81051d367757e1c7c6a5a86423ece9afcf63c
- name: github.com/googleapis/gnostic
  version: 0c5108395e2debce0d731cf0287ddf7242066aba
  subpackages:
  - OpenAPIv2
  - compiler
  - extensions
- name: github.com/hashicorp/errwrap
  version: 7554cd9344cec97297fa6649b055a8c98c2a1e55
- name: github.com/hashicorp/go-multierror
  version: b7773ae218740a7be65057fc60b366a49b538a44
- name: github.com/hashicorp/golang-lru
  version: a0d98a5f288019575c6d1f4bb1573fef2d1fcdc4
  subpackages:
  - simplelru
- name: github.com/howeyc/gopass
  version: bf9dde6d0d2c004a008c27aaee91170c786f6db8
- name: github.com/imdario/mergo
  version: 6633656539c1639d9d78127b7d47c622b5d7b6dc
- name: github.com/inconshreveable/mousetrap
  version: 76626ae9c91c4f2a10f34cad8ce83ea42c93bb75
- name: github.com/json-iterator/go
  version: 13f86432b882000a51c6e610c620974462691a97
- name: github.com/matttproud/golang_protobuf_extensions
  version: fc2b8d3a73c4867e51861bbdd5ae3c1f0869dd6a
  subpackages:
  - pbutil
- name: github.com/opencontainers/go-digest
  version: a6d0ee40d4207ea02364bd3b9e8e77b9159ba1eb
- name: github.com/prometheus/client_golang
  version: e7e903064f5e9eb5da98208bae10b475d4db0f8c
  subpackages:
  - prometheus
  - prometheus/promhttp
- name: github.com/prometheus/client_model
  version: fa8ad6fec33561be4280a8f0514318c79d7f6cb6
  subpackages:
  - go
- name: github.com/prometheus/common
  version: 13ba4ddd0caa9c28ca7b7bffe1dfa9ed8d5ef207
  subpackages:
  - expfmt
  - internal/bitbucket.org/ww/goautoneg
  - model
- name: github.com/prometheus/procfs
  version: 65c1f6f8f0fc1e2185eb9863a3bc751496404259
  subpackages:
  - xfs
- name: github.com/spf13/cobra
  version: c439c4fa093711d42e1b01acb1235b52004753c1
- name: github.com/spf13/pflag
  version: 4c012f6dcd9546820e378d0bdda4d8fc772cdfea
- name: golang.org/x/crypto
  version: 49796115aa4b964c318aad4f3084fdb41e9aa067
  subpackages:
  - ed25519
  - ed25519/internal/edwards25519
  - ssh/terminal
- name: golang.org/x/lint
  version: 85993ffd0a6cd043291f3f63d45d656d97b165bd
  subpackages:
  - golint
- name: golang.org/x/net
  version: 1c05540f6879653db88113bc4a2b70aec4bd491f
  subpackages:
  - context
  - context/ctxhttp
  - http2
  - http2/hpack
  - idna
  - lex/httplex
- name: golang.org/x/oauth2
  version: a6bd8cefa1811bd24b86f8902872e4e8225f74c4
  subpackages:
  - google
  - internal
  - jws
  - jwt
- name: golang.org/x/sys
  version: 95c6576299259db960f6c5b9b69ea52422860fce
  subpackages:
  - unix
  - windows
- name: golang.org/x/text
  version: b19bf474d317b857955b12035d2c5acb57ce8b01
  subpackages:
  - secure/bidirule
  - transform
  - unicode/bidi
  - unicode/norm
- name: golang.org/x/time
  version: f51c12702a4d776e4c1fa9b0fabab841babae631
  subpackages:
  - rate
- name: golang.org/x/tools
  version: ac136b6c2db7c4d43955e4bc7174db36dc0539c0
  subpackages:
  - go/ast/astutil
- name: google.golang.org/api
  version: 7f657476956314fee258816aaf81c0ff65cf8bee
  subpackages:
  - cloudmonitoring/v2beta2
  - compute/v0.alpha
  - compute/v0.beta
  - compute/v1
  - container/v1
  - gensupport
  - googleapi
  - googleapi/internal/uritemplates
  - logging/v2beta1
  - monitoring/v3
  - pubsub/v1
  - tpu/v1alpha1
- name: google.golang.org/appengine
  version: 0a24098c0ec68416ec050f567f75df563d6b231e
  subpackages:
  - internal
  - internal/app_identity
  - internal/base
  - internal/datastore
  - internal/log
  - internal/modules
  - internal/remote_api
  - internal/urlfetch
  - urlfetch
- name: gopkg.in/gcfg.v1
  version: 27e4946190b4a327b539185f2b5b1f7c84730728
  subpackages:
  - scanner
  - token
  - types
- name: gopkg.in/inf.v0
  version: 3887ee99ecf07df5b447e9b00d9c0b2adaa9f3e4
- name: gopkg.in/square/go-jose.v2
  version: f8f38de21b4dcd69d0413faf231983f5fd6634b1
  subpackages:
  - cipher
  - json
  - jwt
- name: gopkg.in/warnings.v0
  version: 8a331561fe74dadba6edfc59f3be66c22c3b065d
- name: gopkg.in/yaml.v2
  version: 670d4cfef0544295bc27a114dbac37980d83185a
- name: k8s.io/api
  version: 7e796de92438aede7cb5d6bcf6c10f4fa65db560
  subpackages:
  - admission/v1beta1
  - admissionregistration/v1alpha1
  - admissionregistration/v1beta1
  - apps/v1
  - apps/v1beta1
  - apps/v1beta2
  - authentication/v1
  - authentication/v1beta1
  - authorization/v1
  - authorization/v1beta1
  - autoscaling/v1
  - autoscaling/v2beta1
  - batch/v1
  - batch/v1beta1
  - batch/v2alpha1
  - certificates/v1beta1
  - core/v1
  - events/v1beta1
  - extensions/v1beta1
  - imagepolicy/v1alpha1
  - networking/v1
  - policy/v1beta1
  - rbac/v1
  - rbac/v1alpha1
  - rbac/v1beta1
  - scheduling/v1alpha1
  - settings/v1alpha1
  - storage/v1
  - storage/v1alpha1
  - storage/v1beta1
- name: k8s.io/apiextensions-apiserver
  version: 14cda5543b166be178192dc77286c32acd1791bb
  subpackages:
  - pkg/features
- name: k8s.io/apimachinery
  version: 3aa1cc99b23ea45d95fd4e1a648f10cc41a491e1
  subpackages:
  - pkg/api/equality
  - pkg/api/errors
  - pkg/api/meta
  - pkg/api/resource
  - pkg/api/validation
  - pkg/apimachinery
  - pkg/apimachinery/announced
  - pkg/apimachinery/registered
  - pkg/apis/meta/internalversion
  - pkg/apis/meta/v1
  - pkg/apis/meta/v1/unstructured
  - pkg/apis/meta/v1/validation
  - pkg/apis/meta/v1beta1
  - pkg/conversion
  - pkg/conversion/queryparams
  - pkg/fields
  - pkg/labels
  - pkg/runtime
  - pkg/runtime/schema
  - pkg/runtime/serializer
  - pkg/runtime/serializer/json
  - pkg/runtime/serializer/protobuf
  - pkg/runtime/serializer/recognizer
  - pkg/runtime/serializer/streaming
  - pkg/runtime/serializer/versioning
  - pkg/selection
  - pkg/types
  - pkg/util/cache
  - pkg/util/clock
  - pkg/util/diff
  - pkg/util/errors
  - pkg/util/framer
  - pkg/util/intstr
  - pkg/util/json
  - pkg/util/mergepatch
  - pkg/util/net
  - pkg/util/runtime
  - pkg/util/sets
  - pkg/util/strategicpatch
  - pkg/util/validation
  - pkg/util/validation/field
  - pkg/util/wait
  - pkg/util/yaml
  - pkg/version
  - pkg/watch
  - third_party/forked/golang/json
  - third_party/forked/golang/reflect
- name: k8s.io/apiserver
  version: bd919879bd6c72ca43a88998c4d2330ebeb190c1
  subpackages:
  - pkg/authentication/authenticator
  - pkg/authentication/serviceaccount
  - pkg/authentication/user
  - pkg/features
  - pkg/util/feature
- name: k8s.io/client-go
  version: 30089d3674f3dd2ecf53eb0505b40ab05e3ad04f
  subpackages:
  - discovery
  - discovery/fake
  - informers
  - informers/admissionregistration
  - informers/admissionregistration/v1alpha1
  - informers/admissionregistration/v1beta1
  - informers/apps
  - informers/apps/v1
  - informers/apps/v1beta1
  - informers/apps/v1beta2
  - informers/autoscaling
  - informers/autoscaling/v1
  - informers/autoscaling/v2beta1
  - informers/batch
  - informers/batch/v1
  - informers/batch/v1beta1
  - informers/batch/v2alpha1
  - informers/certificates
  - informers/certificates/v1beta1
  - informers/core
  - informers/core/v1
  - informers/events
  - informers/events/v1beta1
  - informers/extensions
  - informers/extensions/v1beta1
  - informers/internalinterfaces
  - informers/networking
  - informers/networking/v1
  - informers/policy
  - informers/policy/v1beta1
  - informers/rbac
  - informers/rbac/v1
  - informers/rbac/v1alpha1
  - informers/rbac/v1beta1
  - informers/scheduling
  - informers/scheduling/v1alpha1
  - informers/settings
  - informers/settings/v1alpha1
  - informers/storage
  - informers/storage/v1
  - informers/storage/v1alpha1
  - informers/storage/v1beta1
  - kubernetes
  - kubernetes/fake
  - kubernetes/scheme
  - kubernetes/typed/admissionregistration/v1alpha1
  - kubernetes/typed/admissionregistration/v1alpha1/fake
  - kubernetes/typed/admissionregistration/v1beta1
  - kubernetes/typed/admissionregistration/v1beta1/fake
  - kubernetes/typed/apps/v1
  - kubernetes/typed/apps/v1/fake
  - kubernetes/typed/apps/v1beta1
  - kubernetes/typed/apps/v1beta1/fake
  - kubernetes/typed/apps/v1beta2
  - kubernetes/typed/apps/v1beta2/fake
  - kubernetes/typed/authentication/v1
  - kubernetes/typed/authentication/v1/fake
  - kubernetes/typed/authentication/v1beta1
  - kubernetes/typed/authentication/v1beta1/fake
  - kubernetes/typed/authorization/v1
  - kubernetes/typed/authorization/v1/fake
  - kubernetes/typed/authorization/v1beta1
  - kubernetes/typed/authorization/v1beta1/fake
  - kubernetes/typed/autoscaling/v1
  - kubernetes/typed/autoscaling/v1/fake
  - kubernetes/typed/autoscaling/v2beta1
  - kubernetes/typed/autoscaling/v2beta1/fake
  - kubernetes/typed/batch/v1
  - kubernetes/typed/batch/v1/fake
  - kubernetes/typed/batch/v1beta1
  - kubernetes/typed/batch/v1beta1/fake
  - kubernetes/typed/batch/v2alpha1
  - kubernetes/typed/batch/v2alpha1/fake
  - kubernetes/typed/certificates/v1beta1
  - kubernetes/typed/certificates/v1beta1/fake
  - kubernetes/typed/core/v1
  - kubernetes/typed/core/v1/fake
  - kubernetes/typed/events/v1beta1
  - kubernetes/typed/events/v1beta1/fake
  - kubernetes/typed/extensions/v1beta1
  - kubernetes/typed/extensions/v1beta1/fake
  - kubernetes/typed/networking/v1
  - kubernetes/typed/networking/v1/fake
  - kubernetes/typed/policy/v1beta1
  - kubernetes/typed/policy/v1beta1/fake
  - kubernetes/typed/rbac/v1
  - kubernetes/typed/rbac/v1/fake
  - kubernetes/typed/rbac/v1alpha1
  - kubernetes/typed/rbac/v1alpha1/fake
  - kubernetes/typed/rbac/v1beta1
  - kubernetes/typed/rbac/v1beta1/fake
  - kubernetes/typed/scheduling/v1alpha1
  - kubernetes/typed/scheduling/v1alpha1/fake
  - kubernetes/typed/settings/v1alpha1
  - kubernetes/typed/settings/v1alpha1/fake
  - kubernetes/typed/storage/v1
  - kubernetes/typed/storage/v1/fake
  - kubernetes/typed/storage/v1alpha1
  - kubernetes/typed/storage/v1alpha1/fake
  - kubernetes/typed/storage/v1beta1
  - kubernetes/typed/storage/v1beta1/fake
  - listers/admissionregistration/v1alpha1
  - listers/admissionregistration/v1beta1
  - listers/apps/v1
  - listers/apps/v1beta1
  - listers/apps/v1beta2
  - listers/autoscaling/v1
  - listers/autoscaling/v2beta1
  - listers/batch/v1
  - listers/batch/v1beta1
  - listers/batch/v2alpha1
  - listers/certificates/v1beta1
  - listers/core/v1
  - listers/events/v1beta1
  - listers/extensions/v1beta1
  - listers/networking/v1
  - listers/policy/v1beta1
  - listers/rbac/v1
  - listers/rbac/v1alpha1
  - listers/rbac/v1beta1
  - listers/scheduling/v1alpha1
  - listers/settings/v1alpha1
  - listers/storage/v1
  - listers/storage/v1alpha1
  - listers/storage/v1beta1
  - pkg/apis/clientauthentication
  - pkg/apis/clientauthentication/v1alpha1
  - pkg/version
  - plugin/pkg/client/auth/exec
  - plugin/pkg/client/auth/gcp
  - rest
  - rest/watch
  - testing
  - third_party/forked/golang/template
  - tools/auth
  - tools/cache
  - tools/clientcmd
  - tools/clientcmd/api
  - tools/clientcmd/api/latest
  - tools/clientcmd/api/v1
  - tools/metrics
  - tools/pager
  - tools/record
  - tools/reference
  - transport
  - util/buffer
  - util/cert
  - util/flowcontrol
  - util/homedir
  - util/integer
  - util/jsonpath
  - util/retry
  - util/workqueue
- name: k8s.io/ingress-gce
  version: 1dc9b18d9ccd18fec4ce1a375e56ec8b752ed915
  subpackages:
  - pkg/annotations
  - pkg/backends
  - pkg/firewalls
  - pkg/flags
  - pkg/healthchecks
  - pkg/instances
  - pkg/loadbalancers
  - pkg/storage
  - pkg/tls
  - pkg/utils
- name: k8s.io/kube-openapi
  version: 50ae88d24ede7b8bad68e23c805b5d3da5c8abaf
  subpackages:
  - pkg/util/proto
- name: k8s.io/kubernetes
  version: 9939f709e4db05dd7c470758624eba495a8dd9ac
  subpackages:
  - pkg/api/legacyscheme
  - pkg/api/service
  - pkg/api/v1/pod
  - pkg/api/v1/service
  - pkg/apis/autoscaling
  - pkg/apis/core
  - pkg/apis/core/helper
  - pkg/apis/core/install
  - pkg/apis/core/pods
  - pkg/apis/core/v1
  - pkg/apis/core/v1/helper
  - pkg/apis/core/validation
  - pkg/apis/extensions
  - pkg/apis/networking
  - pkg/apis/scheduling
  - pkg/capabilities
  - pkg/cloudprovider
  - pkg/cloudprovider/providers/gce
  - pkg/cloudprovider/providers/gce/cloud
  - pkg/cloudprovider/providers/gce/cloud/filter
  - pkg/cloudprovider/providers/gce/cloud/meta
  - pkg/controller
  - pkg/features
  - pkg/fieldpath
  - pkg/kubectl/scheme
  - pkg/kubelet/apis
  - pkg/kubelet/types
  - pkg/master/ports
  - pkg/printers
  - pkg/security/apparmor
  - pkg/serviceaccount
  - pkg/util/file
  - pkg/util/hash
  - pkg/util/io
  - pkg/util/mount
  - pkg/util/net/sets
  - pkg/util/nsenter
  - pkg/util/parsers
  - pkg/util/pointer
  - pkg/util/taints
  - pkg/util/version
  - pkg/version
  - pkg/volume
  - pkg/volume/util
  - pkg/volume/util/fs
  - pkg/volume/util/recyclerclient
  - pkg/volume/util/types
- name: k8s.io/utils
  version: aedf551cdb8b0119df3a19c65fde413a13b34997
  subpackages:
  - clock
  - exec
  - exec/testing
testImports: []
